// !$*UTF8*$!
{
	archiveVersion = 1;
	classes = {
	};
	objectVersion = 48;
	objects = {

/* Begin PBXBuildFile section */
		0130DC372034B06400362B90 /* AppDelegate.swift in Sources */ = {isa = PBXBuildFile; fileRef = 0130DC362034B06400362B90 /* AppDelegate.swift */; };
		0130DC392034B06400362B90 /* ContactVC.swift in Sources */ = {isa = PBXBuildFile; fileRef = 0130DC382034B06400362B90 /* ContactVC.swift */; };
		0130DC3C2034B06400362B90 /* Main.storyboard in Resources */ = {isa = PBXBuildFile; fileRef = 0130DC3A2034B06400362B90 /* Main.storyboard */; };
		0130DC3E2034B06400362B90 /* Assets.xcassets in Resources */ = {isa = PBXBuildFile; fileRef = 0130DC3D2034B06400362B90 /* Assets.xcassets */; };
		0130DC412034B06400362B90 /* LaunchScreen.storyboard in Resources */ = {isa = PBXBuildFile; fileRef = 0130DC3F2034B06400362B90 /* LaunchScreen.storyboard */; };
		32A8D0112349216F0083E46F /* EmbedMapVC.swift in Sources */ = {isa = PBXBuildFile; fileRef = 32A8D0102349216F0083E46F /* EmbedMapVC.swift */; };
		32B3CB0223481C8500534E4A /* HomePageVC.swift in Sources */ = {isa = PBXBuildFile; fileRef = 32B3CB0123481C8500534E4A /* HomePageVC.swift */; };
		32B3CB0423483BC300534E4A /* TourVC.swift in Sources */ = {isa = PBXBuildFile; fileRef = 32B3CB0323483BC300534E4A /* TourVC.swift */; };
		32B3CB0623483C3300534E4A /* EventsVC.swift in Sources */ = {isa = PBXBuildFile; fileRef = 32B3CB0523483C3300534E4A /* EventsVC.swift */; };
		32B3CB0823483C6E00534E4A /* ImpactVC.swift in Sources */ = {isa = PBXBuildFile; fileRef = 32B3CB0723483C6E00534E4A /* ImpactVC.swift */; };
		32B3CB0A23483C9F00534E4A /* MembershipVC.swift in Sources */ = {isa = PBXBuildFile; fileRef = 32B3CB0923483C9F00534E4A /* MembershipVC.swift */; };
		32BB5A7B23485CC900523A2D /* ContactUsVC.swift in Sources */ = {isa = PBXBuildFile; fileRef = 32BB5A7A23485CC900523A2D /* ContactUsVC.swift */; };
		32BB5A7D23485D3800523A2D /* BICVC.swift in Sources */ = {isa = PBXBuildFile; fileRef = 32BB5A7C23485D3800523A2D /* BICVC.swift */; };
		32BB5A7F23485D8600523A2D /* BellesVC.swift in Sources */ = {isa = PBXBuildFile; fileRef = 32BB5A7E23485D8600523A2D /* BellesVC.swift */; };
		32BB5A8123485DB700523A2D /* ProjectsVC.swift in Sources */ = {isa = PBXBuildFile; fileRef = 32BB5A8023485DB700523A2D /* ProjectsVC.swift */; };
		32BB5A8323485E0300523A2D /* GrantsVC.swift in Sources */ = {isa = PBXBuildFile; fileRef = 32BB5A8223485E0300523A2D /* GrantsVC.swift */; };
		32BB5A8523485E3300523A2D /* LegacyVC.swift in Sources */ = {isa = PBXBuildFile; fileRef = 32BB5A8423485E3300523A2D /* LegacyVC.swift */; };
		32BB5A8723485E6800523A2D /* MapVC.swift in Sources */ = {isa = PBXBuildFile; fileRef = 32BB5A8623485E6800523A2D /* MapVC.swift */; };
		8B05D0C4208E034200E468F1 /* WebVC.swift in Sources */ = {isa = PBXBuildFile; fileRef = 8B05D0C3208E034200E468F1 /* WebVC.swift */; };
		8B0C5F34208DD33B006FF116 /* UIViewControllerExtensions.swift in Sources */ = {isa = PBXBuildFile; fileRef = 8B0C5F33208DD33B006FF116 /* UIViewControllerExtensions.swift */; };
		8B24CBFA2048C93200FE6390 /* ContactCard.swift in Sources */ = {isa = PBXBuildFile; fileRef = 8B24CBF92048C93200FE6390 /* ContactCard.swift */; };
		8B24CBFC2048ECB600FE6390 /* sqlData_1.txt in Resources */ = {isa = PBXBuildFile; fileRef = 8B24CBFB2048ECB500FE6390 /* sqlData_1.txt */; };
		8B37B8CF2060C43F00611889 /* SegueFromRight.swift in Sources */ = {isa = PBXBuildFile; fileRef = 8B37B8CE2060C43F00611889 /* SegueFromRight.swift */; };
		8B639E2F20608ABF00C0D525 /* BiographicalVC.swift in Sources */ = {isa = PBXBuildFile; fileRef = 8B639E2E20608ABF00C0D525 /* BiographicalVC.swift */; };
		8B639E332060958000C0D525 /* SegueFromLeft.swift in Sources */ = {isa = PBXBuildFile; fileRef = 8B639E322060958000C0D525 /* SegueFromLeft.swift */; };
		8B79A88B20620B9A00716D47 /* Background.swift in Sources */ = {isa = PBXBuildFile; fileRef = 8B79A88A20620B9A00716D47 /* Background.swift */; };
		8B8560FA205EEF0600470330 /* User.swift in Sources */ = {isa = PBXBuildFile; fileRef = 8B8560F9205EEF0600470330 /* User.swift */; };
		8B85E834209177A800EA36F6 /* UIImageExt.swift in Sources */ = {isa = PBXBuildFile; fileRef = 8B85E833209177A800EA36F6 /* UIImageExt.swift */; };
		8B85E83720921BC200EA36F6 /* CoreData.framework in Frameworks */ = {isa = PBXBuildFile; fileRef = 8B85E83620921BC200EA36F6 /* CoreData.framework */; };
		8B85E83A20921D1600EA36F6 /* cfgcDataModel.xcdatamodeld in Sources */ = {isa = PBXBuildFile; fileRef = 8B85E83820921D1600EA36F6 /* cfgcDataModel.xcdatamodeld */; };
		8B85E8842092486500EA36F6 /* Thumbnail+CoreDataClass.swift in Sources */ = {isa = PBXBuildFile; fileRef = 8B85E8802092486500EA36F6 /* Thumbnail+CoreDataClass.swift */; };
		8B85E8852092486500EA36F6 /* Thumbnail+CoreDataProperties.swift in Sources */ = {isa = PBXBuildFile; fileRef = 8B85E8812092486500EA36F6 /* Thumbnail+CoreDataProperties.swift */; };
		8B85E8862092486500EA36F6 /* FullRes+CoreDataClass.swift in Sources */ = {isa = PBXBuildFile; fileRef = 8B85E8822092486500EA36F6 /* FullRes+CoreDataClass.swift */; };
		8B85E8872092486500EA36F6 /* FullRes+CoreDataProperties.swift in Sources */ = {isa = PBXBuildFile; fileRef = 8B85E8832092486500EA36F6 /* FullRes+CoreDataProperties.swift */; };
		8BB974F2203B5EF1008039BB /* LoginViewController.swift in Sources */ = {isa = PBXBuildFile; fileRef = 8BB974F1203B5EF1008039BB /* LoginViewController.swift */; };
		8BC643292044F22F00AC8C8C /* InfoVC.swift in Sources */ = {isa = PBXBuildFile; fileRef = 8BC643282044F22F00AC8C8C /* InfoVC.swift */; };
		8BD6DC5C203B38F800788CB6 /* ContactCell.swift in Sources */ = {isa = PBXBuildFile; fileRef = 8BD6DC5B203B38F800788CB6 /* ContactCell.swift */; };
		8BD6DC5F203B3E4300788CB6 /* ContactModel.swift in Sources */ = {isa = PBXBuildFile; fileRef = 8BD6DC5E203B3E4300788CB6 /* ContactModel.swift */; };
		D0E61125F29C3A43C06EB39F /* libPods-CFGC.a in Frameworks */ = {isa = PBXBuildFile; fileRef = FF56EB2916C969F99F22143F /* libPods-CFGC.a */; };
/* End PBXBuildFile section */

/* Begin PBXFileReference section */
		0130DC332034B06400362B90 /* CFGC.app */ = {isa = PBXFileReference; explicitFileType = wrapper.application; includeInIndex = 0; path = CFGC.app; sourceTree = BUILT_PRODUCTS_DIR; };
		0130DC362034B06400362B90 /* AppDelegate.swift */ = {isa = PBXFileReference; lastKnownFileType = sourcecode.swift; path = AppDelegate.swift; sourceTree = "<group>"; };
		0130DC382034B06400362B90 /* ContactVC.swift */ = {isa = PBXFileReference; lastKnownFileType = sourcecode.swift; path = ContactVC.swift; sourceTree = "<group>"; };
		0130DC3B2034B06400362B90 /* Base */ = {isa = PBXFileReference; lastKnownFileType = file.storyboard; name = Base; path = Base.lproj/Main.storyboard; sourceTree = "<group>"; };
		0130DC3D2034B06400362B90 /* Assets.xcassets */ = {isa = PBXFileReference; lastKnownFileType = folder.assetcatalog; path = Assets.xcassets; sourceTree = "<group>"; };
		0130DC402034B06400362B90 /* Base */ = {isa = PBXFileReference; lastKnownFileType = file.storyboard; name = Base; path = Base.lproj/LaunchScreen.storyboard; sourceTree = "<group>"; };
		0130DC422034B06400362B90 /* Info.plist */ = {isa = PBXFileReference; lastKnownFileType = text.plist.xml; path = Info.plist; sourceTree = "<group>"; };
		32A8D0102349216F0083E46F /* EmbedMapVC.swift */ = {isa = PBXFileReference; lastKnownFileType = sourcecode.swift; path = EmbedMapVC.swift; sourceTree = "<group>"; };
		32B3CB0123481C8500534E4A /* HomePageVC.swift */ = {isa = PBXFileReference; lastKnownFileType = sourcecode.swift; path = HomePageVC.swift; sourceTree = "<group>"; };
		32B3CB0323483BC300534E4A /* TourVC.swift */ = {isa = PBXFileReference; lastKnownFileType = sourcecode.swift; path = TourVC.swift; sourceTree = "<group>"; };
		32B3CB0523483C3300534E4A /* EventsVC.swift */ = {isa = PBXFileReference; lastKnownFileType = sourcecode.swift; path = EventsVC.swift; sourceTree = "<group>"; };
		32B3CB0723483C6E00534E4A /* ImpactVC.swift */ = {isa = PBXFileReference; lastKnownFileType = sourcecode.swift; path = ImpactVC.swift; sourceTree = "<group>"; };
		32B3CB0923483C9F00534E4A /* MembershipVC.swift */ = {isa = PBXFileReference; lastKnownFileType = sourcecode.swift; path = MembershipVC.swift; sourceTree = "<group>"; };
		32BB5A7A23485CC900523A2D /* ContactUsVC.swift */ = {isa = PBXFileReference; lastKnownFileType = sourcecode.swift; path = ContactUsVC.swift; sourceTree = "<group>"; };
		32BB5A7C23485D3800523A2D /* BICVC.swift */ = {isa = PBXFileReference; lastKnownFileType = sourcecode.swift; path = BICVC.swift; sourceTree = "<group>"; };
		32BB5A7E23485D8600523A2D /* BellesVC.swift */ = {isa = PBXFileReference; lastKnownFileType = sourcecode.swift; path = BellesVC.swift; sourceTree = "<group>"; };
		32BB5A8023485DB700523A2D /* ProjectsVC.swift */ = {isa = PBXFileReference; lastKnownFileType = sourcecode.swift; path = ProjectsVC.swift; sourceTree = "<group>"; };
		32BB5A8223485E0300523A2D /* GrantsVC.swift */ = {isa = PBXFileReference; lastKnownFileType = sourcecode.swift; path = GrantsVC.swift; sourceTree = "<group>"; };
		32BB5A8423485E3300523A2D /* LegacyVC.swift */ = {isa = PBXFileReference; lastKnownFileType = sourcecode.swift; path = LegacyVC.swift; sourceTree = "<group>"; };
		32BB5A8623485E6800523A2D /* MapVC.swift */ = {isa = PBXFileReference; lastKnownFileType = sourcecode.swift; path = MapVC.swift; sourceTree = "<group>"; };
		67DA5C6E2772DB0B68867871 /* Pods-CFGC.debug.xcconfig */ = {isa = PBXFileReference; includeInIndex = 1; lastKnownFileType = text.xcconfig; name = "Pods-CFGC.debug.xcconfig"; path = "Target Support Files/Pods-CFGC/Pods-CFGC.debug.xcconfig"; sourceTree = "<group>"; };
		8B05D0C3208E034200E468F1 /* WebVC.swift */ = {isa = PBXFileReference; lastKnownFileType = sourcecode.swift; path = WebVC.swift; sourceTree = "<group>"; };
		8B0C5F33208DD33B006FF116 /* UIViewControllerExtensions.swift */ = {isa = PBXFileReference; lastKnownFileType = sourcecode.swift; path = UIViewControllerExtensions.swift; sourceTree = "<group>"; };
		8B24CBF92048C93200FE6390 /* ContactCard.swift */ = {isa = PBXFileReference; lastKnownFileType = sourcecode.swift; path = ContactCard.swift; sourceTree = "<group>"; };
		8B24CBFB2048ECB500FE6390 /* sqlData_1.txt */ = {isa = PBXFileReference; fileEncoding = 4; lastKnownFileType = text; path = sqlData_1.txt; sourceTree = "<group>"; };
		8B37B8CE2060C43F00611889 /* SegueFromRight.swift */ = {isa = PBXFileReference; lastKnownFileType = sourcecode.swift; path = SegueFromRight.swift; sourceTree = "<group>"; };
		8B639E2E20608ABF00C0D525 /* BiographicalVC.swift */ = {isa = PBXFileReference; lastKnownFileType = sourcecode.swift; path = BiographicalVC.swift; sourceTree = "<group>"; };
		8B639E322060958000C0D525 /* SegueFromLeft.swift */ = {isa = PBXFileReference; lastKnownFileType = sourcecode.swift; path = SegueFromLeft.swift; sourceTree = "<group>"; };
		8B79A88A20620B9A00716D47 /* Background.swift */ = {isa = PBXFileReference; lastKnownFileType = sourcecode.swift; path = Background.swift; sourceTree = "<group>"; };
		8B8560F9205EEF0600470330 /* User.swift */ = {isa = PBXFileReference; lastKnownFileType = sourcecode.swift; path = User.swift; sourceTree = "<group>"; };
		8B85E833209177A800EA36F6 /* UIImageExt.swift */ = {isa = PBXFileReference; lastKnownFileType = sourcecode.swift; path = UIImageExt.swift; sourceTree = "<group>"; };
		8B85E83620921BC200EA36F6 /* CoreData.framework */ = {isa = PBXFileReference; lastKnownFileType = wrapper.framework; name = CoreData.framework; path = System/Library/Frameworks/CoreData.framework; sourceTree = SDKROOT; };
		8B85E83920921D1600EA36F6 /* cfgcDataModel.xcdatamodel */ = {isa = PBXFileReference; lastKnownFileType = wrapper.xcdatamodel; path = cfgcDataModel.xcdatamodel; sourceTree = "<group>"; };
		8B85E8802092486500EA36F6 /* Thumbnail+CoreDataClass.swift */ = {isa = PBXFileReference; lastKnownFileType = sourcecode.swift; path = "Thumbnail+CoreDataClass.swift"; sourceTree = "<group>"; };
		8B85E8812092486500EA36F6 /* Thumbnail+CoreDataProperties.swift */ = {isa = PBXFileReference; lastKnownFileType = sourcecode.swift; path = "Thumbnail+CoreDataProperties.swift"; sourceTree = "<group>"; };
		8B85E8822092486500EA36F6 /* FullRes+CoreDataClass.swift */ = {isa = PBXFileReference; lastKnownFileType = sourcecode.swift; path = "FullRes+CoreDataClass.swift"; sourceTree = "<group>"; };
		8B85E8832092486500EA36F6 /* FullRes+CoreDataProperties.swift */ = {isa = PBXFileReference; lastKnownFileType = sourcecode.swift; path = "FullRes+CoreDataProperties.swift"; sourceTree = "<group>"; };
		8BB974F1203B5EF1008039BB /* LoginViewController.swift */ = {isa = PBXFileReference; lastKnownFileType = sourcecode.swift; path = LoginViewController.swift; sourceTree = "<group>"; };
		8BC643282044F22F00AC8C8C /* InfoVC.swift */ = {isa = PBXFileReference; lastKnownFileType = sourcecode.swift; path = InfoVC.swift; sourceTree = "<group>"; };
		8BD6DC5B203B38F800788CB6 /* ContactCell.swift */ = {isa = PBXFileReference; lastKnownFileType = sourcecode.swift; path = ContactCell.swift; sourceTree = "<group>"; };
		8BD6DC5E203B3E4300788CB6 /* ContactModel.swift */ = {isa = PBXFileReference; lastKnownFileType = sourcecode.swift; path = ContactModel.swift; sourceTree = "<group>"; };
		A6B67BCF05C19C94C6442A30 /* Pods-CFGC.release.xcconfig */ = {isa = PBXFileReference; includeInIndex = 1; lastKnownFileType = text.xcconfig; name = "Pods-CFGC.release.xcconfig"; path = "Target Support Files/Pods-CFGC/Pods-CFGC.release.xcconfig"; sourceTree = "<group>"; };
		FF56EB2916C969F99F22143F /* libPods-CFGC.a */ = {isa = PBXFileReference; explicitFileType = archive.ar; includeInIndex = 0; path = "libPods-CFGC.a"; sourceTree = BUILT_PRODUCTS_DIR; };
/* End PBXFileReference section */

/* Begin PBXFrameworksBuildPhase section */
		0130DC302034B06400362B90 /* Frameworks */ = {
			isa = PBXFrameworksBuildPhase;
			buildActionMask = 2147483647;
			files = (
				8B85E83720921BC200EA36F6 /* CoreData.framework in Frameworks */,
				D0E61125F29C3A43C06EB39F /* libPods-CFGC.a in Frameworks */,
			);
			runOnlyForDeploymentPostprocessing = 0;
		};
/* End PBXFrameworksBuildPhase section */

/* Begin PBXGroup section */
		0130DC2A2034B06400362B90 = {
			isa = PBXGroup;
			children = (
				0130DC352034B06400362B90 /* CFGC */,
				8B85E83820921D1600EA36F6 /* cfgcDataModel.xcdatamodeld */,
				0130DC342034B06400362B90 /* Products */,
				8B85E83520921BC200EA36F6 /* Frameworks */,
				41D4811C7F914A96C3BAC663 /* Pods */,
			);
			sourceTree = "<group>";
		};
		0130DC342034B06400362B90 /* Products */ = {
			isa = PBXGroup;
			children = (
				0130DC332034B06400362B90 /* CFGC.app */,
			);
			name = Products;
			sourceTree = "<group>";
		};
		0130DC352034B06400362B90 /* CFGC */ = {
			isa = PBXGroup;
			children = (
				8B85E8882092488C00EA36F6 /* DataModel */,
				8B9239F82044E48A00E43F45 /* Classes */,
				8BD6DC60203B3E7E00788CB6 /* Model */,
				8BD6DC5D203B3DCB00788CB6 /* Controller */,
				8BD6DC5A203B38C900788CB6 /* View */,
				0130DC362034B06400362B90 /* AppDelegate.swift */,
				0130DC3A2034B06400362B90 /* Main.storyboard */,
				0130DC3D2034B06400362B90 /* Assets.xcassets */,
				0130DC3F2034B06400362B90 /* LaunchScreen.storyboard */,
				0130DC422034B06400362B90 /* Info.plist */,
			);
			path = CFGC;
			sourceTree = "<group>";
		};
		41D4811C7F914A96C3BAC663 /* Pods */ = {
			isa = PBXGroup;
			children = (
				67DA5C6E2772DB0B68867871 /* Pods-CFGC.debug.xcconfig */,
				A6B67BCF05C19C94C6442A30 /* Pods-CFGC.release.xcconfig */,
			);
			path = Pods;
			sourceTree = "<group>";
		};
		8B85E83520921BC200EA36F6 /* Frameworks */ = {
			isa = PBXGroup;
			children = (
				8B85E83620921BC200EA36F6 /* CoreData.framework */,
				FF56EB2916C969F99F22143F /* libPods-CFGC.a */,
			);
			name = Frameworks;
			sourceTree = "<group>";
		};
		8B85E8882092488C00EA36F6 /* DataModel */ = {
			isa = PBXGroup;
			children = (
				8B85E8802092486500EA36F6 /* Thumbnail+CoreDataClass.swift */,
				8B85E8812092486500EA36F6 /* Thumbnail+CoreDataProperties.swift */,
				8B85E8892092489A00EA36F6 /* Generated */,
			);
			path = DataModel;
			sourceTree = "<group>";
		};
		8B85E8892092489A00EA36F6 /* Generated */ = {
			isa = PBXGroup;
			children = (
				8B85E8822092486500EA36F6 /* FullRes+CoreDataClass.swift */,
				8B85E8832092486500EA36F6 /* FullRes+CoreDataProperties.swift */,
			);
			path = Generated;
			sourceTree = "<group>";
		};
		8B9239F82044E48A00E43F45 /* Classes */ = {
			isa = PBXGroup;
			children = (
				8B24CBF92048C93200FE6390 /* ContactCard.swift */,
				8B8560F9205EEF0600470330 /* User.swift */,
				8B639E322060958000C0D525 /* SegueFromLeft.swift */,
				8B37B8CE2060C43F00611889 /* SegueFromRight.swift */,
				8B79A88A20620B9A00716D47 /* Background.swift */,
				8B0C5F33208DD33B006FF116 /* UIViewControllerExtensions.swift */,
				8B85E833209177A800EA36F6 /* UIImageExt.swift */,
			);
			path = Classes;
			sourceTree = "<group>";
		};
		8BD6DC5A203B38C900788CB6 /* View */ = {
			isa = PBXGroup;
			children = (
				8BD6DC5B203B38F800788CB6 /* ContactCell.swift */,
			);
			path = View;
			sourceTree = "<group>";
		};
		8BD6DC5D203B3DCB00788CB6 /* Controller */ = {
			isa = PBXGroup;
			children = (
				0130DC382034B06400362B90 /* ContactVC.swift */,
				8B24CBFB2048ECB500FE6390 /* sqlData_1.txt */,
				8BB974F1203B5EF1008039BB /* LoginViewController.swift */,
				8BC643282044F22F00AC8C8C /* InfoVC.swift */,
				8B639E2E20608ABF00C0D525 /* BiographicalVC.swift */,
				8B05D0C3208E034200E468F1 /* WebVC.swift */,
				32B3CB0123481C8500534E4A /* HomePageVC.swift */,
				32B3CB0323483BC300534E4A /* TourVC.swift */,
				32B3CB0523483C3300534E4A /* EventsVC.swift */,
				32B3CB0723483C6E00534E4A /* ImpactVC.swift */,
				32B3CB0923483C9F00534E4A /* MembershipVC.swift */,
				32BB5A7A23485CC900523A2D /* ContactUsVC.swift */,
				32BB5A7C23485D3800523A2D /* BICVC.swift */,
				32BB5A7E23485D8600523A2D /* BellesVC.swift */,
				32BB5A8023485DB700523A2D /* ProjectsVC.swift */,
				32BB5A8223485E0300523A2D /* GrantsVC.swift */,
				32BB5A8423485E3300523A2D /* LegacyVC.swift */,
				32BB5A8623485E6800523A2D /* MapVC.swift */,
				32A8D0102349216F0083E46F /* EmbedMapVC.swift */,
			);
			path = Controller;
			sourceTree = "<group>";
		};
		8BD6DC60203B3E7E00788CB6 /* Model */ = {
			isa = PBXGroup;
			children = (
				8BD6DC5E203B3E4300788CB6 /* ContactModel.swift */,
			);
			name = Model;
			path = "New Group";
			sourceTree = "<group>";
		};
/* End PBXGroup section */

/* Begin PBXNativeTarget section */
		0130DC322034B06400362B90 /* CFGC */ = {
			isa = PBXNativeTarget;
			buildConfigurationList = 0130DC452034B06400362B90 /* Build configuration list for PBXNativeTarget "CFGC" */;
			buildPhases = (
				5002031FF27ED9B0C2E99910 /* [CP] Check Pods Manifest.lock */,
				0130DC2F2034B06400362B90 /* Sources */,
				0130DC302034B06400362B90 /* Frameworks */,
				0130DC312034B06400362B90 /* Resources */,
				111BA0956F2EED860AF33E7E /* [CP] Copy Pods Resources */,
			);
			buildRules = (
			);
			dependencies = (
			);
			name = CFGC;
			productName = CFGC;
			productReference = 0130DC332034B06400362B90 /* CFGC.app */;
			productType = "com.apple.product-type.application";
		};
/* End PBXNativeTarget section */

/* Begin PBXProject section */
		0130DC2B2034B06400362B90 /* Project object */ = {
			isa = PBXProject;
			attributes = {
				LastSwiftUpdateCheck = 0920;
				LastUpgradeCheck = 0930;
				ORGANIZATIONNAME = "Tabor Scott";
				TargetAttributes = {
					0130DC322034B06400362B90 = {
						CreatedOnToolsVersion = 9.2;
						LastSwiftMigration = 1100;
						ProvisioningStyle = Automatic;
					};
				};
			};
			buildConfigurationList = 0130DC2E2034B06400362B90 /* Build configuration list for PBXProject "CFGC" */;
			compatibilityVersion = "Xcode 8.0";
			developmentRegion = en;
			hasScannedForEncodings = 0;
			knownRegions = (
				en,
				Base,
			);
			mainGroup = 0130DC2A2034B06400362B90;
			productRefGroup = 0130DC342034B06400362B90 /* Products */;
			projectDirPath = "";
			projectRoot = "";
			targets = (
				0130DC322034B06400362B90 /* CFGC */,
			);
		};
/* End PBXProject section */

/* Begin PBXResourcesBuildPhase section */
		0130DC312034B06400362B90 /* Resources */ = {
			isa = PBXResourcesBuildPhase;
			buildActionMask = 2147483647;
			files = (
				0130DC412034B06400362B90 /* LaunchScreen.storyboard in Resources */,
				8B24CBFC2048ECB600FE6390 /* sqlData_1.txt in Resources */,
				0130DC3E2034B06400362B90 /* Assets.xcassets in Resources */,
				0130DC3C2034B06400362B90 /* Main.storyboard in Resources */,
			);
			runOnlyForDeploymentPostprocessing = 0;
		};
/* End PBXResourcesBuildPhase section */

/* Begin PBXShellScriptBuildPhase section */
		111BA0956F2EED860AF33E7E /* [CP] Copy Pods Resources */ = {
			isa = PBXShellScriptBuildPhase;
			buildActionMask = 2147483647;
			files = (
			);
			inputPaths = (
				"${PODS_ROOT}/Target Support Files/Pods-CFGC/Pods-CFGC-resources.sh",
				"${PODS_ROOT}/GoogleMaps/Maps/Frameworks/GoogleMaps.framework/Resources/GoogleMaps.bundle",
				"${PODS_ROOT}/GooglePlaces/Frameworks/GooglePlaces.framework/Resources/GooglePlaces.bundle",
			);
			name = "[CP] Copy Pods Resources";
			outputPaths = (
				"${TARGET_BUILD_DIR}/${UNLOCALIZED_RESOURCES_FOLDER_PATH}/GoogleMaps.bundle",
				"${TARGET_BUILD_DIR}/${UNLOCALIZED_RESOURCES_FOLDER_PATH}/GooglePlaces.bundle",
			);
			runOnlyForDeploymentPostprocessing = 0;
			shellPath = /bin/sh;
			shellScript = "\"${PODS_ROOT}/Target Support Files/Pods-CFGC/Pods-CFGC-resources.sh\"\n";
			showEnvVarsInLog = 0;
		};
		5002031FF27ED9B0C2E99910 /* [CP] Check Pods Manifest.lock */ = {
			isa = PBXShellScriptBuildPhase;
			buildActionMask = 2147483647;
			files = (
			);
			inputFileListPaths = (
			);
			inputPaths = (
				"${PODS_PODFILE_DIR_PATH}/Podfile.lock",
				"${PODS_ROOT}/Manifest.lock",
			);
			name = "[CP] Check Pods Manifest.lock";
			outputFileListPaths = (
			);
			outputPaths = (
				"$(DERIVED_FILE_DIR)/Pods-CFGC-checkManifestLockResult.txt",
			);
			runOnlyForDeploymentPostprocessing = 0;
			shellPath = /bin/sh;
			shellScript = "diff \"${PODS_PODFILE_DIR_PATH}/Podfile.lock\" \"${PODS_ROOT}/Manifest.lock\" > /dev/null\nif [ $? != 0 ] ; then\n    # print error to STDERR\n    echo \"error: The sandbox is not in sync with the Podfile.lock. Run 'pod install' or update your CocoaPods installation.\" >&2\n    exit 1\nfi\n# This output is used by Xcode 'outputs' to avoid re-running this script phase.\necho \"SUCCESS\" > \"${SCRIPT_OUTPUT_FILE_0}\"\n";
			showEnvVarsInLog = 0;
		};
/* End PBXShellScriptBuildPhase section */

/* Begin PBXSourcesBuildPhase section */
		0130DC2F2034B06400362B90 /* Sources */ = {
			isa = PBXSourcesBuildPhase;
			buildActionMask = 2147483647;
			files = (
				8B85E83A20921D1600EA36F6 /* cfgcDataModel.xcdatamodeld in Sources */,
				8BB974F2203B5EF1008039BB /* LoginViewController.swift in Sources */,
				32BB5A7D23485D3800523A2D /* BICVC.swift in Sources */,
				32BB5A8323485E0300523A2D /* GrantsVC.swift in Sources */,
				8B05D0C4208E034200E468F1 /* WebVC.swift in Sources */,
				8B24CBFA2048C93200FE6390 /* ContactCard.swift in Sources */,
				32BB5A7F23485D8600523A2D /* BellesVC.swift in Sources */,
				8B85E8842092486500EA36F6 /* Thumbnail+CoreDataClass.swift in Sources */,
				8B37B8CF2060C43F00611889 /* SegueFromRight.swift in Sources */,
				8B0C5F34208DD33B006FF116 /* UIViewControllerExtensions.swift in Sources */,
				8B85E8862092486500EA36F6 /* FullRes+CoreDataClass.swift in Sources */,
				32B3CB0823483C6E00534E4A /* ImpactVC.swift in Sources */,
				32B3CB0223481C8500534E4A /* HomePageVC.swift in Sources */,
				32B3CB0623483C3300534E4A /* EventsVC.swift in Sources */,
				8B85E834209177A800EA36F6 /* UIImageExt.swift in Sources */,
				8BD6DC5C203B38F800788CB6 /* ContactCell.swift in Sources */,
				32A8D0112349216F0083E46F /* EmbedMapVC.swift in Sources */,
				8BD6DC5F203B3E4300788CB6 /* ContactModel.swift in Sources */,
				8B639E332060958000C0D525 /* SegueFromLeft.swift in Sources */,
				0130DC392034B06400362B90 /* ContactVC.swift in Sources */,
				32B3CB0A23483C9F00534E4A /* MembershipVC.swift in Sources */,
				32BB5A7B23485CC900523A2D /* ContactUsVC.swift in Sources */,
				32BB5A8523485E3300523A2D /* LegacyVC.swift in Sources */,
				8BC643292044F22F00AC8C8C /* InfoVC.swift in Sources */,
				8B8560FA205EEF0600470330 /* User.swift in Sources */,
				32BB5A8123485DB700523A2D /* ProjectsVC.swift in Sources */,
				8B85E8852092486500EA36F6 /* Thumbnail+CoreDataProperties.swift in Sources */,
				8B639E2F20608ABF00C0D525 /* BiographicalVC.swift in Sources */,
				8B79A88B20620B9A00716D47 /* Background.swift in Sources */,
				8B85E8872092486500EA36F6 /* FullRes+CoreDataProperties.swift in Sources */,
				32BB5A8723485E6800523A2D /* MapVC.swift in Sources */,
				32B3CB0423483BC300534E4A /* TourVC.swift in Sources */,
				0130DC372034B06400362B90 /* AppDelegate.swift in Sources */,
			);
			runOnlyForDeploymentPostprocessing = 0;
		};
/* End PBXSourcesBuildPhase section */

/* Begin PBXVariantGroup section */
		0130DC3A2034B06400362B90 /* Main.storyboard */ = {
			isa = PBXVariantGroup;
			children = (
				0130DC3B2034B06400362B90 /* Base */,
			);
			name = Main.storyboard;
			sourceTree = "<group>";
		};
		0130DC3F2034B06400362B90 /* LaunchScreen.storyboard */ = {
			isa = PBXVariantGroup;
			children = (
				0130DC402034B06400362B90 /* Base */,
			);
			name = LaunchScreen.storyboard;
			sourceTree = "<group>";
		};
/* End PBXVariantGroup section */

/* Begin XCBuildConfiguration section */
		0130DC432034B06400362B90 /* Debug */ = {
			isa = XCBuildConfiguration;
			buildSettings = {
				ALWAYS_SEARCH_USER_PATHS = NO;
				CLANG_ANALYZER_NONNULL = YES;
				CLANG_ANALYZER_NUMBER_OBJECT_CONVERSION = YES_AGGRESSIVE;
				CLANG_CXX_LANGUAGE_STANDARD = "gnu++14";
				CLANG_CXX_LIBRARY = "libc++";
				CLANG_ENABLE_MODULES = YES;
				CLANG_ENABLE_OBJC_ARC = YES;
				CLANG_WARN_BLOCK_CAPTURE_AUTORELEASING = YES;
				CLANG_WARN_BOOL_CONVERSION = YES;
				CLANG_WARN_COMMA = YES;
				CLANG_WARN_CONSTANT_CONVERSION = YES;
				CLANG_WARN_DEPRECATED_OBJC_IMPLEMENTATIONS = YES;
				CLANG_WARN_DIRECT_OBJC_ISA_USAGE = YES_ERROR;
				CLANG_WARN_DOCUMENTATION_COMMENTS = YES;
				CLANG_WARN_EMPTY_BODY = YES;
				CLANG_WARN_ENUM_CONVERSION = YES;
				CLANG_WARN_INFINITE_RECURSION = YES;
				CLANG_WARN_INT_CONVERSION = YES;
				CLANG_WARN_NON_LITERAL_NULL_CONVERSION = YES;
				CLANG_WARN_OBJC_IMPLICIT_RETAIN_SELF = YES;
				CLANG_WARN_OBJC_LITERAL_CONVERSION = YES;
				CLANG_WARN_OBJC_ROOT_CLASS = YES_ERROR;
				CLANG_WARN_RANGE_LOOP_ANALYSIS = YES;
				CLANG_WARN_STRICT_PROTOTYPES = YES;
				CLANG_WARN_SUSPICIOUS_MOVE = YES;
				CLANG_WARN_UNGUARDED_AVAILABILITY = YES_AGGRESSIVE;
				CLANG_WARN_UNREACHABLE_CODE = YES;
				CLANG_WARN__DUPLICATE_METHOD_MATCH = YES;
				CODE_SIGN_IDENTITY = "iPhone Developer";
				COPY_PHASE_STRIP = NO;
				DEBUG_INFORMATION_FORMAT = dwarf;
				ENABLE_STRICT_OBJC_MSGSEND = YES;
				ENABLE_TESTABILITY = YES;
				GCC_C_LANGUAGE_STANDARD = gnu11;
				GCC_DYNAMIC_NO_PIC = NO;
				GCC_NO_COMMON_BLOCKS = YES;
				GCC_OPTIMIZATION_LEVEL = 0;
				GCC_PREPROCESSOR_DEFINITIONS = (
					"DEBUG=1",
					"$(inherited)",
				);
				GCC_WARN_64_TO_32_BIT_CONVERSION = YES;
				GCC_WARN_ABOUT_RETURN_TYPE = YES_ERROR;
				GCC_WARN_UNDECLARED_SELECTOR = YES;
				GCC_WARN_UNINITIALIZED_AUTOS = YES_AGGRESSIVE;
				GCC_WARN_UNUSED_FUNCTION = YES;
				GCC_WARN_UNUSED_VARIABLE = YES;
				IPHONEOS_DEPLOYMENT_TARGET = 11.2;
				MTL_ENABLE_DEBUG_INFO = YES;
				ONLY_ACTIVE_ARCH = YES;
				SDKROOT = iphoneos;
				SWIFT_ACTIVE_COMPILATION_CONDITIONS = DEBUG;
				SWIFT_OPTIMIZATION_LEVEL = "-Onone";
			};
			name = Debug;
		};
		0130DC442034B06400362B90 /* Release */ = {
			isa = XCBuildConfiguration;
			buildSettings = {
				ALWAYS_SEARCH_USER_PATHS = NO;
				CLANG_ANALYZER_NONNULL = YES;
				CLANG_ANALYZER_NUMBER_OBJECT_CONVERSION = YES_AGGRESSIVE;
				CLANG_CXX_LANGUAGE_STANDARD = "gnu++14";
				CLANG_CXX_LIBRARY = "libc++";
				CLANG_ENABLE_MODULES = YES;
				CLANG_ENABLE_OBJC_ARC = YES;
				CLANG_WARN_BLOCK_CAPTURE_AUTORELEASING = YES;
				CLANG_WARN_BOOL_CONVERSION = YES;
				CLANG_WARN_COMMA = YES;
				CLANG_WARN_CONSTANT_CONVERSION = YES;
				CLANG_WARN_DEPRECATED_OBJC_IMPLEMENTATIONS = YES;
				CLANG_WARN_DIRECT_OBJC_ISA_USAGE = YES_ERROR;
				CLANG_WARN_DOCUMENTATION_COMMENTS = YES;
				CLANG_WARN_EMPTY_BODY = YES;
				CLANG_WARN_ENUM_CONVERSION = YES;
				CLANG_WARN_INFINITE_RECURSION = YES;
				CLANG_WARN_INT_CONVERSION = YES;
				CLANG_WARN_NON_LITERAL_NULL_CONVERSION = YES;
				CLANG_WARN_OBJC_IMPLICIT_RETAIN_SELF = YES;
				CLANG_WARN_OBJC_LITERAL_CONVERSION = YES;
				CLANG_WARN_OBJC_ROOT_CLASS = YES_ERROR;
				CLANG_WARN_RANGE_LOOP_ANALYSIS = YES;
				CLANG_WARN_STRICT_PROTOTYPES = YES;
				CLANG_WARN_SUSPICIOUS_MOVE = YES;
				CLANG_WARN_UNGUARDED_AVAILABILITY = YES_AGGRESSIVE;
				CLANG_WARN_UNREACHABLE_CODE = YES;
				CLANG_WARN__DUPLICATE_METHOD_MATCH = YES;
				CODE_SIGN_IDENTITY = "iPhone Developer";
				COPY_PHASE_STRIP = NO;
				DEBUG_INFORMATION_FORMAT = "dwarf-with-dsym";
				ENABLE_NS_ASSERTIONS = NO;
				ENABLE_STRICT_OBJC_MSGSEND = YES;
				GCC_C_LANGUAGE_STANDARD = gnu11;
				GCC_NO_COMMON_BLOCKS = YES;
				GCC_WARN_64_TO_32_BIT_CONVERSION = YES;
				GCC_WARN_ABOUT_RETURN_TYPE = YES_ERROR;
				GCC_WARN_UNDECLARED_SELECTOR = YES;
				GCC_WARN_UNINITIALIZED_AUTOS = YES_AGGRESSIVE;
				GCC_WARN_UNUSED_FUNCTION = YES;
				GCC_WARN_UNUSED_VARIABLE = YES;
				IPHONEOS_DEPLOYMENT_TARGET = 11.2;
				MTL_ENABLE_DEBUG_INFO = NO;
				SDKROOT = iphoneos;
				SWIFT_OPTIMIZATION_LEVEL = "-Owholemodule";
				VALIDATE_PRODUCT = YES;
			};
			name = Release;
		};
		0130DC462034B06400362B90 /* Debug */ = {
			isa = XCBuildConfiguration;
			baseConfigurationReference = 67DA5C6E2772DB0B68867871 /* Pods-CFGC.debug.xcconfig */;
			buildSettings = {
				ASSETCATALOG_COMPILER_APPICON_NAME = AppIcon;
				CODE_SIGN_STYLE = Automatic;
				DEVELOPMENT_TEAM = FL6J78634M;
				INFOPLIST_FILE = CFGC/Info.plist;
				LD_RUNPATH_SEARCH_PATHS = "$(inherited) @executable_path/Frameworks";
				PRODUCT_BUNDLE_IDENTIFIER = Baker.CFGC;
				PRODUCT_NAME = "$(TARGET_NAME)";
				SWIFT_VERSION = 5.0;
				TARGETED_DEVICE_FAMILY = "1,2";
			};
			name = Debug;
		};
		0130DC472034B06400362B90 /* Release */ = {
			isa = XCBuildConfiguration;
			baseConfigurationReference = A6B67BCF05C19C94C6442A30 /* Pods-CFGC.release.xcconfig */;
			buildSettings = {
				ASSETCATALOG_COMPILER_APPICON_NAME = AppIcon;
				CODE_SIGN_STYLE = Automatic;
				DEVELOPMENT_TEAM = FL6J78634M;
				INFOPLIST_FILE = CFGC/Info.plist;
				LD_RUNPATH_SEARCH_PATHS = "$(inherited) @executable_path/Frameworks";
				PRODUCT_BUNDLE_IDENTIFIER = Baker.CFGC;
				PRODUCT_NAME = "$(TARGET_NAME)";
				SWIFT_VERSION = 5.0;
				TARGETED_DEVICE_FAMILY = "1,2";
			};
			name = Release;
		};
/* End XCBuildConfiguration section */

/* Begin XCConfigurationList section */
		0130DC2E2034B06400362B90 /* Build configuration list for PBXProject "CFGC" */ = {
			isa = XCConfigurationList;
			buildConfigurations = (
				0130DC432034B06400362B90 /* Debug */,
				0130DC442034B06400362B90 /* Release */,
			);
			defaultConfigurationIsVisible = 0;
			defaultConfigurationName = Release;
		};
		0130DC452034B06400362B90 /* Build configuration list for PBXNativeTarget "CFGC" */ = {
			isa = XCConfigurationList;
			buildConfigurations = (
				0130DC462034B06400362B90 /* Debug */,
				0130DC472034B06400362B90 /* Release */,
			);
			defaultConfigurationIsVisible = 0;
			defaultConfigurationName = Release;
		};
/* End XCConfigurationList section */

/* Begin XCVersionGroup section */
		8B85E83820921D1600EA36F6 /* cfgcDataModel.xcdatamodeld */ = {
			isa = XCVersionGroup;
			children = (
				8B85E83920921D1600EA36F6 /* cfgcDataModel.xcdatamodel */,
			);
			currentVersion = 8B85E83920921D1600EA36F6 /* cfgcDataModel.xcdatamodel */;
			path = cfgcDataModel.xcdatamodeld;
			sourceTree = "<group>";
			versionGroupType = wrapper.xcdatamodel;
		};
/* End XCVersionGroup section */
	};
	rootObject = 0130DC2B2034B06400362B90 /* Project object */;
}
